
Microsoft Visual Studio Solution File, Format Version 12.00
# Visual Studio Version 17
VisualStudioVersion = 17.6.33829.357
MinimumVisualStudioVersion = 10.0.40219.1
Project("{FAE04EC0-301F-11D3-BF4B-00C04F79EFBC}") = "Lab_10", "Lab_10\Lab_10.csproj", "{8ECB156D-CDB1-4875-A0B0-73F148F6E633}"
EndProject
Global
	GlobalSection(SolutionConfigurationPlatforms) = preSolution
		Debug|Any CPU = Debug|Any CPU
		Release|Any CPU = Release|Any CPU
	EndGlobalSection
	GlobalSection(ProjectConfigurationPlatforms) = postSolution
		{8ECB156D-CDB1-4875-A0B0-73F148F6E633}.Debug|Any CPU.ActiveCfg = Debug|Any CPU
		{8ECB156D-CDB1-4875-A0B0-73F148F6E633}.Debug|Any CPU.Build.0 = Debug|Any CPU
		{8ECB156D-CDB1-4875-A0B0-73F148F6E633}.Release|Any CPU.ActiveCfg = Release|Any CPU
		{8ECB156D-CDB1-4875-A0B0-73F148F6E633}.Release|Any CPU.Build.0 = Release|Any CPU
	EndGlobalSection
	GlobalSection(SolutionProperties) = preSolution
		HideSolutionNode = FALSE
	EndGlobalSection
	GlobalSection(ExtensibilityGlobals) = postSolution
		SolutionGuid = {A2F25839-EB06-4FD9-82EF-4215ABA1AC22}
	EndGlobalSection
EndGlobal
